{
  "name": "@tensorflow-models/posenet",
  "version": "1.0.0",
  "lockfileVersion": 1,
  "requires": true,
  "dependencies": {
    "git": {
      "version": "0.1.5",
      "resolved": "https://repo.forge.lmig.com/api/npm/npm/git/-/git-0.1.5.tgz",
      "integrity": "sha1-nvYt+T+FHCdUIUO/UtHGixAXyhU=",
      "requires": {
        "mime": "1.4.1"
      }
    },
    "mime": {
      "version": "1.4.1",
      "resolved": "https://repo.forge.lmig.com/api/npm/npm/mime/-/mime-1.2.9.tgz",
      "integrity": "sha1-AJzUCGe9Nd5SGzuWbwTi+NTRPQk="
    }
  }
}
